
Microsoft Visual Studio Solution File, Format Version 12.00
# Visual Studio 14
VisualStudioVersion = 14.0.23107.0
MinimumVisualStudioVersion = 10.0.40219.1
Project("{FAE04EC0-301F-11D3-BF4B-00C04F79EFBC}") = "WebFormsFirstApp", "WebFormsFirstApp\WebFormsFirstApp.csproj", "{7BFF4E57-9420-4181-8553-7E9C3ABA1891}"
EndProject
Project("{FAE04EC0-301F-11D3-BF4B-00C04F79EFBC}") = "Hellooo World", "Hellooo World\Hellooo World.csproj", "{931119D9-3B37-4185-8458-0BA71212B56F}"
EndProject
Project("{FAE04EC0-301F-11D3-BF4B-00C04F79EFBC}") = "Komponenter", "Komponenter\Komponenter.csproj", "{AF142E8C-46B0-4910-BD7A-AB418ED60FBC}"
EndProject
Global
	GlobalSection(SolutionConfigurationPlatforms) = preSolution
		Debug|Any CPU = Debug|Any CPU
		Release|Any CPU = Release|Any CPU
	EndGlobalSection
	GlobalSection(ProjectConfigurationPlatforms) = postSolution
		{7BFF4E57-9420-4181-8553-7E9C3ABA1891}.Debug|Any CPU.ActiveCfg = Debug|Any CPU
		{7BFF4E57-9420-4181-8553-7E9C3ABA1891}.Debug|Any CPU.Build.0 = Debug|Any CPU
		{7BFF4E57-9420-4181-8553-7E9C3ABA1891}.Release|Any CPU.ActiveCfg = Release|Any CPU
		{7BFF4E57-9420-4181-8553-7E9C3ABA1891}.Release|Any CPU.Build.0 = Release|Any CPU
		{931119D9-3B37-4185-8458-0BA71212B56F}.Debug|Any CPU.ActiveCfg = Debug|Any CPU
		{931119D9-3B37-4185-8458-0BA71212B56F}.Debug|Any CPU.Build.0 = Debug|Any CPU
		{931119D9-3B37-4185-8458-0BA71212B56F}.Release|Any CPU.ActiveCfg = Release|Any CPU
		{931119D9-3B37-4185-8458-0BA71212B56F}.Release|Any CPU.Build.0 = Release|Any CPU
		{AF142E8C-46B0-4910-BD7A-AB418ED60FBC}.Debug|Any CPU.ActiveCfg = Debug|Any CPU
		{AF142E8C-46B0-4910-BD7A-AB418ED60FBC}.Debug|Any CPU.Build.0 = Debug|Any CPU
		{AF142E8C-46B0-4910-BD7A-AB418ED60FBC}.Release|Any CPU.ActiveCfg = Release|Any CPU
		{AF142E8C-46B0-4910-BD7A-AB418ED60FBC}.Release|Any CPU.Build.0 = Release|Any CPU
	EndGlobalSection
	GlobalSection(SolutionProperties) = preSolution
		HideSolutionNode = FALSE
	EndGlobalSection
EndGlobal
